
Microsoft Visual Studio Solution File, Format Version 12.00
# Visual Studio Version 16
VisualStudioVersion = 16.0.31313.79
MinimumVisualStudioVersion = 10.0.40219.1
Project("{9092AA53-FB77-4645-B42D-1CCCA6BD08BD}") = "MyBot", "MyBot.njsproj", "{41A5AB8F-69F7-4475-8922-04BC8A933C5F}"
EndProject
Global
	GlobalSection(SolutionConfigurationPlatforms) = preSolution
		Debug|Any CPU = Debug|Any CPU
		Release|Any CPU = Release|Any CPU
	EndGlobalSection
	GlobalSection(ProjectConfigurationPlatforms) = postSolution
		{41A5AB8F-69F7-4475-8922-04BC8A933C5F}.Debug|Any CPU.ActiveCfg = Debug|Any CPU
		{41A5AB8F-69F7-4475-8922-04BC8A933C5F}.Debug|Any CPU.Build.0 = Debug|Any CPU
		{41A5AB8F-69F7-4475-8922-04BC8A933C5F}.Release|Any CPU.ActiveCfg = Release|Any CPU
		{41A5AB8F-69F7-4475-8922-04BC8A933C5F}.Release|Any CPU.Build.0 = Release|Any CPU
	EndGlobalSection
	GlobalSection(SolutionProperties) = preSolution
		HideSolutionNode = FALSE
	EndGlobalSection
	GlobalSection(ExtensibilityGlobals) = postSolution
		SolutionGuid = {5104CF5F-2DAA-43D7-A128-5D11ED1C3676}
	EndGlobalSection
EndGlobal
